schema: '2.0'
stages:
  data_ingestion:
    cmd: python .\src\data_ingestion.py
    deps:
    - path: .\src\data_ingestion.py
      hash: md5
      md5: 3e4058289e435fc471a28f622ef0efa3
      size: 5062
    params:
      params.yaml:
        data_ingestion.test_size: 0.2
    outs:
    - path: .\data\raw
      hash: md5
      md5: 3b3cf3a9ca588cc150553eee569b3fe3.dir
      size: 484846
      nfiles: 2
  data_preprocessing:
    cmd: python .\src\data_preprocessing.py
    deps:
    - path: .\data\raw
      hash: md5
      md5: 3b3cf3a9ca588cc150553eee569b3fe3.dir
      size: 484846
      nfiles: 2
    - path: .\src\data_preprocessing.py
      hash: md5
      md5: 741793b6c1341924b81bc3538c619af0
      size: 4815
    outs:
    - path: .\data\interim
      hash: md5
      md5: 4c92fcf17252a8fdd01a70e2e6b7e57f.dir
      size: 261909
      nfiles: 2
  feature_engineering:
    cmd: python .\src\feature_engineering.py
    deps:
    - path: .\data\interim
      hash: md5
      md5: 4c92fcf17252a8fdd01a70e2e6b7e57f.dir
      size: 261909
      nfiles: 2
    - path: .\src\feature_engineering.py
      hash: md5
      md5: 00743460a979f0cd206ff27a29582693
      size: 5312
    params:
      params.yaml:
        feature_engineering.max_features: 35
    outs:
    - path: .\data\processed
      hash: md5
      md5: 09bafb970cadee3ed4c82881ce3f4492.dir
      size: 839757
      nfiles: 2
  model_building:
    cmd: python .\src\model_building.py
    deps:
    - path: .\data\processed
      hash: md5
      md5: 09bafb970cadee3ed4c82881ce3f4492.dir
      size: 839757
      nfiles: 2
    - path: .\src\model_building.py
      hash: md5
      md5: ff902ee6451a85f12537bd22ba7bb235
      size: 5588
    params:
      params.yaml:
        model_building.n_estimators: 22
        model_building.random_state: 2
    outs:
    - path: .\models\random_forest_model.pkl
      hash: md5
      md5: 5891f02d9faa9f68ab5a68db4e432bbe
      size: 733596
  model_evaluation:
    cmd: python .\src\model_evaluation.py
    deps:
    - path: .\models\random_forest_model.pkl
      hash: md5
      md5: 5891f02d9faa9f68ab5a68db4e432bbe
      size: 733596
    - path: .\src\model_evaluation.py
      hash: md5
      md5: 5a3d537d8ae3c6d619750d06853db2b4
      size: 5958
    outs:
    - path: .\reports\model_evaluation_metrics.json
      hash: md5
      md5: fa9099ed73c3718da13982ce1a16ccd5
      size: 186
